
Microsoft Visual Studio Solution File, Format Version 12.00
# Visual Studio 15
VisualStudioVersion = 15.0.28307.271
MinimumVisualStudioVersion = 10.0.40219.1
Project("{FAE04EC0-301F-11D3-BF4B-00C04F79EFBC}") = "Application", "SCXLApplication\Application.csproj", "{370B81C3-E121-4CC1-A439-85187C36FD98}"
EndProject
Project("{FAE04EC0-301F-11D3-BF4B-00C04F79EFBC}") = "APP.BusinessLogicLayer", "BusinessLogicLayer\APP.BusinessLogicLayer.csproj", "{D9F3341C-BA3D-4656-BB14-500BA9182347}"
EndProject
Project("{FAE04EC0-301F-11D3-BF4B-00C04F79EFBC}") = "APP.Model", "SCXL.Model\APP.Model.csproj", "{D248683E-0F21-4060-B108-6470D45AEAC1}"
EndProject
Project("{FAE04EC0-301F-11D3-BF4B-00C04F79EFBC}") = "APP.Repository", "SCCL.Repository\APP.Repository.csproj", "{B1C63BDB-F0B3-4F7F-AA9B-8D8757E63629}"
EndProject
Project("{FAE04EC0-301F-11D3-BF4B-00C04F79EFBC}") = "APP.Logs", "SCXL.Logs\APP.Logs.csproj", "{699FA045-3E0B-45FF-97C7-E042266FD455}"
EndProject
Global
	GlobalSection(SolutionConfigurationPlatforms) = preSolution
		Debug|Any CPU = Debug|Any CPU
		Release|Any CPU = Release|Any CPU
	EndGlobalSection
	GlobalSection(ProjectConfigurationPlatforms) = postSolution
		{370B81C3-E121-4CC1-A439-85187C36FD98}.Debug|Any CPU.ActiveCfg = Debug|Any CPU
		{370B81C3-E121-4CC1-A439-85187C36FD98}.Debug|Any CPU.Build.0 = Debug|Any CPU
		{370B81C3-E121-4CC1-A439-85187C36FD98}.Release|Any CPU.ActiveCfg = Release|Any CPU
		{370B81C3-E121-4CC1-A439-85187C36FD98}.Release|Any CPU.Build.0 = Release|Any CPU
		{D9F3341C-BA3D-4656-BB14-500BA9182347}.Debug|Any CPU.ActiveCfg = Debug|Any CPU
		{D9F3341C-BA3D-4656-BB14-500BA9182347}.Debug|Any CPU.Build.0 = Debug|Any CPU
		{D9F3341C-BA3D-4656-BB14-500BA9182347}.Release|Any CPU.ActiveCfg = Release|Any CPU
		{D9F3341C-BA3D-4656-BB14-500BA9182347}.Release|Any CPU.Build.0 = Release|Any CPU
		{D248683E-0F21-4060-B108-6470D45AEAC1}.Debug|Any CPU.ActiveCfg = Debug|Any CPU
		{D248683E-0F21-4060-B108-6470D45AEAC1}.Debug|Any CPU.Build.0 = Debug|Any CPU
		{D248683E-0F21-4060-B108-6470D45AEAC1}.Release|Any CPU.ActiveCfg = Release|Any CPU
		{D248683E-0F21-4060-B108-6470D45AEAC1}.Release|Any CPU.Build.0 = Release|Any CPU
		{B1C63BDB-F0B3-4F7F-AA9B-8D8757E63629}.Debug|Any CPU.ActiveCfg = Debug|Any CPU
		{B1C63BDB-F0B3-4F7F-AA9B-8D8757E63629}.Debug|Any CPU.Build.0 = Debug|Any CPU
		{B1C63BDB-F0B3-4F7F-AA9B-8D8757E63629}.Release|Any CPU.ActiveCfg = Release|Any CPU
		{B1C63BDB-F0B3-4F7F-AA9B-8D8757E63629}.Release|Any CPU.Build.0 = Release|Any CPU
		{699FA045-3E0B-45FF-97C7-E042266FD455}.Debug|Any CPU.ActiveCfg = Debug|Any CPU
		{699FA045-3E0B-45FF-97C7-E042266FD455}.Debug|Any CPU.Build.0 = Debug|Any CPU
		{699FA045-3E0B-45FF-97C7-E042266FD455}.Release|Any CPU.ActiveCfg = Release|Any CPU
		{699FA045-3E0B-45FF-97C7-E042266FD455}.Release|Any CPU.Build.0 = Release|Any CPU
	EndGlobalSection
	GlobalSection(SolutionProperties) = preSolution
		HideSolutionNode = FALSE
	EndGlobalSection
	GlobalSection(ExtensibilityGlobals) = postSolution
		SolutionGuid = {9AD376A5-66CF-4C93-8DB6-8522A75ADA49}
	EndGlobalSection
EndGlobal
